
Microsoft Visual Studio Solution File, Format Version 12.00
# Visual Studio Version 16
VisualStudioVersion = 16.0.30002.166
MinimumVisualStudioVersion = 10.0.40219.1
Project("{9A19103F-16F7-4668-BE54-9A1E7A4F7556}") = "Bcf", "Bcf.csproj", "{2F3A44CF-C6E1-43D0-94C5-8909D7892E8C}"
EndProject
Project("{FAE04EC0-301F-11D3-BF4B-00C04F79EFBC}") = "Bcf.Tests", "..\Bcf.Tests\Bcf.Tests\Bcf.Tests.csproj", "{3954DE18-2A1B-4112-92A3-B1DC665EE2EE}"
EndProject
Global
	GlobalSection(SolutionConfigurationPlatforms) = preSolution
		Debug|Any CPU = Debug|Any CPU
		Release|Any CPU = Release|Any CPU
	EndGlobalSection
	GlobalSection(ProjectConfigurationPlatforms) = postSolution
		{2F3A44CF-C6E1-43D0-94C5-8909D7892E8C}.Debug|Any CPU.ActiveCfg = Debug|Any CPU
		{2F3A44CF-C6E1-43D0-94C5-8909D7892E8C}.Debug|Any CPU.Build.0 = Debug|Any CPU
		{2F3A44CF-C6E1-43D0-94C5-8909D7892E8C}.Release|Any CPU.ActiveCfg = Release|Any CPU
		{2F3A44CF-C6E1-43D0-94C5-8909D7892E8C}.Release|Any CPU.Build.0 = Release|Any CPU
		{3954DE18-2A1B-4112-92A3-B1DC665EE2EE}.Debug|Any CPU.ActiveCfg = Debug|Any CPU
		{3954DE18-2A1B-4112-92A3-B1DC665EE2EE}.Debug|Any CPU.Build.0 = Debug|Any CPU
		{3954DE18-2A1B-4112-92A3-B1DC665EE2EE}.Release|Any CPU.ActiveCfg = Release|Any CPU
		{3954DE18-2A1B-4112-92A3-B1DC665EE2EE}.Release|Any CPU.Build.0 = Release|Any CPU
	EndGlobalSection
	GlobalSection(SolutionProperties) = preSolution
		HideSolutionNode = FALSE
	EndGlobalSection
	GlobalSection(ExtensibilityGlobals) = postSolution
		SolutionGuid = {A9CA4373-F197-449C-B38D-31225E9B7F74}
	EndGlobalSection
EndGlobal
